Microsoft Visual Studio Solution File, Format Version 11.00
# Visual Studio 2010
Project("{FAE04EC0-301F-11D3-BF4B-00C04F79EFBC}") = "Assembly-CSharp-firstpass", "Assembly-CSharp-firstpass.csproj", "{D68F29B2-9222-9335-6FCD-3A517267D1EC}"
EndProject
Project("{FAE04EC0-301F-11D3-BF4B-00C04F79EFBC}") = "Assembly-CSharp", "Assembly-CSharp.csproj", "{1831556A-E1E3-5C35-E3F6-82BB0F0E334D}"
EndProject
Project("{FAE04EC0-301F-11D3-BF4B-00C04F79EFBC}") = "Assembly-CSharp-Editor-firstpass", "Assembly-CSharp-Editor-firstpass.csproj", "{C0C1E388-6169-2F75-AD24-C44DE5F0032A}"
EndProject
Global
	GlobalSection(SolutionConfigurationPlatforms) = preSolution
		Debug|Any CPU = Debug|Any CPU
		Release|Any CPU = Release|Any CPU
	EndGlobalSection
	GlobalSection(ProjectConfigurationPlatforms) = postSolution
		{D68F29B2-9222-9335-6FCD-3A517267D1EC}.Debug|Any CPU.ActiveCfg = Debug|Any CPU
		{D68F29B2-9222-9335-6FCD-3A517267D1EC}.Debug|Any CPU.Build.0 = Debug|Any CPU
		{D68F29B2-9222-9335-6FCD-3A517267D1EC}.Release|Any CPU.ActiveCfg = Release|Any CPU
		{D68F29B2-9222-9335-6FCD-3A517267D1EC}.Release|Any CPU.Build.0 = Release|Any CPU
		{1831556A-E1E3-5C35-E3F6-82BB0F0E334D}.Debug|Any CPU.ActiveCfg = Debug|Any CPU
		{1831556A-E1E3-5C35-E3F6-82BB0F0E334D}.Debug|Any CPU.Build.0 = Debug|Any CPU
		{1831556A-E1E3-5C35-E3F6-82BB0F0E334D}.Release|Any CPU.ActiveCfg = Release|Any CPU
		{1831556A-E1E3-5C35-E3F6-82BB0F0E334D}.Release|Any CPU.Build.0 = Release|Any CPU
		{C0C1E388-6169-2F75-AD24-C44DE5F0032A}.Debug|Any CPU.ActiveCfg = Debug|Any CPU
		{C0C1E388-6169-2F75-AD24-C44DE5F0032A}.Debug|Any CPU.Build.0 = Debug|Any CPU
		{C0C1E388-6169-2F75-AD24-C44DE5F0032A}.Release|Any CPU.ActiveCfg = Release|Any CPU
		{C0C1E388-6169-2F75-AD24-C44DE5F0032A}.Release|Any CPU.Build.0 = Release|Any CPU
	EndGlobalSection
	GlobalSection(SolutionProperties) = preSolution
		HideSolutionNode = FALSE
	EndGlobalSection
	GlobalSection(MonoDevelopProperties) = preSolution
		StartupItem = Assembly-CSharp.csproj
	EndGlobalSection
EndGlobal
